
Microsoft Visual Studio Solution File, Format Version 12.00
# Visual Studio Version 16
VisualStudioVersion = 16.0.30804.86
MinimumVisualStudioVersion = 10.0.40219.1
Project("{9A19103F-16F7-4668-BE54-9A1E7A4F7556}") = "WDLT.Clients.TMarket", "WDLT.Clients.TMarket\WDLT.Clients.TMarket.csproj", "{069AEBD7-932B-4627-B8C1-FB3E76A14C7F}"
EndProject
Global
	GlobalSection(SolutionConfigurationPlatforms) = preSolution
		Debug|Any CPU = Debug|Any CPU
		Release|Any CPU = Release|Any CPU
	EndGlobalSection
	GlobalSection(ProjectConfigurationPlatforms) = postSolution
		{069AEBD7-932B-4627-B8C1-FB3E76A14C7F}.Debug|Any CPU.ActiveCfg = Debug|Any CPU
		{069AEBD7-932B-4627-B8C1-FB3E76A14C7F}.Debug|Any CPU.Build.0 = Debug|Any CPU
		{069AEBD7-932B-4627-B8C1-FB3E76A14C7F}.Release|Any CPU.ActiveCfg = Release|Any CPU
		{069AEBD7-932B-4627-B8C1-FB3E76A14C7F}.Release|Any CPU.Build.0 = Release|Any CPU
	EndGlobalSection
	GlobalSection(SolutionProperties) = preSolution
		HideSolutionNode = FALSE
	EndGlobalSection
	GlobalSection(ExtensibilityGlobals) = postSolution
		SolutionGuid = {3DDC0DC5-CEA0-4F86-8939-A22E5AA45A6B}
	EndGlobalSection
EndGlobal
